PODS:
  - flutter_midi (0.0.1):
    - FlutterMacOS
  - FlutterMacOS (2.0.0)
  - path_provider_macos (0.0.1):
    - FlutterMacOS

DEPENDENCIES:
  - flutter_midi (from `Flutter/ephemeral/.symlinks/plugins/flutter_midi/macos`)
  - path_provider_macos (from `Flutter/ephemeral/.symlinks/plugins/path_provider_macos/macos`)

SPEC REPOS:
  trunk:
    - FlutterMacOS

EXTERNAL SOURCES:
  flutter_midi:
    :path: Flutter/ephemeral/.symlinks/plugins/flutter_midi/macos
  path_provider_macos:
    :path: Flutter/ephemeral/.symlinks/plugins/path_provider_macos/macos

SPEC CHECKSUMS:
  flutter_midi: c1a74e1501cc58c4d9a72b1d66f402ae6dcef19f
  FlutterMacOS: 2f1b456c4d9436c4d4d13919bd3be8ef03ba6322
  path_provider_macos: adb94ae6c253c45ef2aac146fbf1f4504d74b0f8

PODFILE CHECKSUM: d8ba9b3e9e93c62c74a660b46c6fcb09f03991a7

COCOAPODS: 1.10.0
